PODS:
  - Adapty (2.10.3)
  - adapty_flutter (2.10.3):
    - Adapty (= 2.10.3)
    - Flutter
  - audio_session (0.0.1):
    - Flutter
  - awesome_notifications (0.9.3):
    - Flutter
    - IosAwnCore (~> 0.9.3)
  - connectivity_plus (0.0.1):
    - Flutter
    - ReachabilitySwift
  - device_info_plus (0.0.1):
    - Flutter
  - Firebase/CoreOnly (10.25.0):
    - FirebaseCore (= 10.25.0)
  - Firebase/Messaging (10.25.0):
    - Firebase/CoreOnly
    - FirebaseMessaging (~> 10.25.0)
  - firebase_core (2.32.0):
    - Firebase/CoreOnly (= 10.25.0)
    - Flutter
  - firebase_messaging (14.7.10):
    - Firebase/Messaging (= 10.25.0)
    - firebase_core
    - Flutter
  - FirebaseCore (10.25.0):
    - FirebaseCoreInternal (~> 10.0)
    - GoogleUtilities/Environment (~> 7.12)
    - GoogleUtilities/Logger (~> 7.12)
  - FirebaseCoreInternal (10.29.0):
    - "GoogleUtilities/NSData+zlib (~> 7.8)"
  - FirebaseInstallations (10.29.0):
    - FirebaseCore (~> 10.0)
    - GoogleUtilities/Environment (~> 7.8)
    - GoogleUtilities/UserDefaults (~> 7.8)
    - PromisesObjC (~> 2.1)
  - FirebaseMessaging (10.25.0):
    - FirebaseCore (~> 10.0)
    - FirebaseInstallations (~> 10.0)
    - GoogleDataTransport (~> 9.3)
    - GoogleUtilities/AppDelegateSwizzler (~> 7.8)
    - GoogleUtilities/Environment (~> 7.8)
    - GoogleUtilities/Reachability (~> 7.8)
    - GoogleUtilities/UserDefaults (~> 7.8)
    - nanopb (< 2.30911.0, >= 2.30908.0)
  - Flutter (1.0.0)
  - flutter_keyboard_visibility (0.0.1):
    - Flutter
  - flutter_local_notifications (0.0.1):
    - Flutter
  - flutter_native_splash (2.4.3):
    - Flutter
  - flutter_timezone (0.0.1):
    - Flutter
  - flutter_tts (0.0.1):
    - Flutter
  - Google-Mobile-Ads-SDK (10.11.0):
    - GoogleAppMeasurement (< 11.0, >= 7.0)
    - GoogleUserMessagingPlatform (>= 1.1)
  - google_mobile_ads (1.0.0):
    - Flutter
    - Google-Mobile-Ads-SDK (~> 10.11.0)
    - webview_flutter_wkwebview
  - GoogleAppMeasurement (10.29.0):
    - GoogleAppMeasurement/AdIdSupport (= 10.29.0)
    - GoogleUtilities/AppDelegateSwizzler (~> 7.11)
    - GoogleUtilities/MethodSwizzler (~> 7.11)
    - GoogleUtilities/Network (~> 7.11)
    - "GoogleUtilities/NSData+zlib (~> 7.11)"
    - nanopb (< 2.30911.0, >= 2.30908.0)
  - GoogleAppMeasurement/AdIdSupport (10.29.0):
    - GoogleAppMeasurement/WithoutAdIdSupport (= 10.29.0)
    - GoogleUtilities/AppDelegateSwizzler (~> 7.11)
    - GoogleUtilities/MethodSwizzler (~> 7.11)
    - GoogleUtilities/Network (~> 7.11)
    - "GoogleUtilities/NSData+zlib (~> 7.11)"
    - nanopb (< 2.30911.0, >= 2.30908.0)
  - GoogleAppMeasurement/WithoutAdIdSupport (10.29.0):
    - GoogleUtilities/AppDelegateSwizzler (~> 7.11)
    - GoogleUtilities/MethodSwizzler (~> 7.11)
    - GoogleUtilities/Network (~> 7.11)
    - "GoogleUtilities/NSData+zlib (~> 7.11)"
    - nanopb (< 2.30911.0, >= 2.30908.0)
  - GoogleDataTransport (9.4.1):
    - GoogleUtilities/Environment (~> 7.7)
    - nanopb (< 2.30911.0, >= 2.30908.0)
    - PromisesObjC (< 3.0, >= 1.2)
  - GoogleUserMessagingPlatform (2.7.0)
  - GoogleUtilities/AppDelegateSwizzler (7.13.3):
    - GoogleUtilities/Environment
    - GoogleUtilities/Logger
    - GoogleUtilities/Network
    - GoogleUtilities/Privacy
  - GoogleUtilities/Environment (7.13.3):
    - GoogleUtilities/Privacy
    - PromisesObjC (< 3.0, >= 1.2)
  - GoogleUtilities/Logger (7.13.3):
    - GoogleUtilities/Environment
    - GoogleUtilities/Privacy
  - GoogleUtilities/MethodSwizzler (7.13.3):
    - GoogleUtilities/Logger
    - GoogleUtilities/Privacy
  - GoogleUtilities/Network (7.13.3):
    - GoogleUtilities/Logger
    - "GoogleUtilities/NSData+zlib"
    - GoogleUtilities/Privacy
    - GoogleUtilities/Reachability
  - "GoogleUtilities/NSData+zlib (7.13.3)":
    - GoogleUtilities/Privacy
  - GoogleUtilities/Privacy (7.13.3)
  - GoogleUtilities/Reachability (7.13.3):
    - GoogleUtilities/Logger
    - GoogleUtilities/Privacy
  - GoogleUtilities/UserDefaults (7.13.3):
    - GoogleUtilities/Logger
    - GoogleUtilities/Privacy
  - IosAwnCore (0.9.3)
  - just_audio (0.0.1):
    - Flutter
  - nanopb (2.30910.0):
    - nanopb/decode (= 2.30910.0)
    - nanopb/encode (= 2.30910.0)
  - nanopb/decode (2.30910.0)
  - nanopb/encode (2.30910.0)
  - package_info_plus (0.4.5):
    - Flutter
  - path_provider_foundation (0.0.1):
    - Flutter
    - FlutterMacOS
  - permission_handler_apple (9.3.0):
    - Flutter
  - PromisesObjC (2.4.0)
  - ReachabilitySwift (5.2.4)
  - Sentry/HybridSDK (8.25.0)
  - sentry_flutter (7.20.2):
    - Flutter
    - FlutterMacOS
    - Sentry/HybridSDK (= 8.25.0)
  - share_plus (0.0.1):
    - Flutter
  - shared_preferences_foundation (0.0.1):
    - Flutter
    - FlutterMacOS
  - speech_to_text (0.0.1):
    - Flutter
    - Try
  - sqflite_darwin (0.0.4):
    - Flutter
    - FlutterMacOS
  - Try (2.1.1)
  - url_launcher_ios (0.0.1):
    - Flutter
  - video_player_avfoundation (0.0.1):
    - Flutter
    - FlutterMacOS
  - wakelock_plus (0.0.1):
    - Flutter
  - webview_flutter_wkwebview (0.0.1):
    - Flutter
    - FlutterMacOS
  - workmanager (0.0.1):
    - Flutter

DEPENDENCIES:
  - adapty_flutter (from `.symlinks/plugins/adapty_flutter/ios`)
  - audio_session (from `.symlinks/plugins/audio_session/ios`)
  - awesome_notifications (from `.symlinks/plugins/awesome_notifications/ios`)
  - connectivity_plus (from `.symlinks/plugins/connectivity_plus/ios`)
  - device_info_plus (from `.symlinks/plugins/device_info_plus/ios`)
  - firebase_core (from `.symlinks/plugins/firebase_core/ios`)
  - firebase_messaging (from `.symlinks/plugins/firebase_messaging/ios`)
  - Flutter (from `Flutter`)
  - flutter_keyboard_visibility (from `.symlinks/plugins/flutter_keyboard_visibility/ios`)
  - flutter_local_notifications (from `.symlinks/plugins/flutter_local_notifications/ios`)
  - flutter_native_splash (from `.symlinks/plugins/flutter_native_splash/ios`)
  - flutter_timezone (from `.symlinks/plugins/flutter_timezone/ios`)
  - flutter_tts (from `.symlinks/plugins/flutter_tts/ios`)
  - google_mobile_ads (from `.symlinks/plugins/google_mobile_ads/ios`)
  - just_audio (from `.symlinks/plugins/just_audio/ios`)
  - package_info_plus (from `.symlinks/plugins/package_info_plus/ios`)
  - path_provider_foundation (from `.symlinks/plugins/path_provider_foundation/darwin`)
  - permission_handler_apple (from `.symlinks/plugins/permission_handler_apple/ios`)
  - sentry_flutter (from `.symlinks/plugins/sentry_flutter/ios`)
  - share_plus (from `.symlinks/plugins/share_plus/ios`)
  - shared_preferences_foundation (from `.symlinks/plugins/shared_preferences_foundation/darwin`)
  - speech_to_text (from `.symlinks/plugins/speech_to_text/ios`)
  - sqflite_darwin (from `.symlinks/plugins/sqflite_darwin/darwin`)
  - url_launcher_ios (from `.symlinks/plugins/url_launcher_ios/ios`)
  - video_player_avfoundation (from `.symlinks/plugins/video_player_avfoundation/darwin`)
  - wakelock_plus (from `.symlinks/plugins/wakelock_plus/ios`)
  - webview_flutter_wkwebview (from `.symlinks/plugins/webview_flutter_wkwebview/darwin`)
  - workmanager (from `.symlinks/plugins/workmanager/ios`)

SPEC REPOS:
  trunk:
    - Adapty
    - Firebase
    - FirebaseCore
    - FirebaseCoreInternal
    - FirebaseInstallations
    - FirebaseMessaging
    - Google-Mobile-Ads-SDK
    - GoogleAppMeasurement
    - GoogleDataTransport
    - GoogleUserMessagingPlatform
    - GoogleUtilities
    - IosAwnCore
    - nanopb
    - PromisesObjC
    - ReachabilitySwift
    - Sentry
    - Try

EXTERNAL SOURCES:
  adapty_flutter:
    :path: ".symlinks/plugins/adapty_flutter/ios"
  audio_session:
    :path: ".symlinks/plugins/audio_session/ios"
  awesome_notifications:
    :path: ".symlinks/plugins/awesome_notifications/ios"
  connectivity_plus:
    :path: ".symlinks/plugins/connectivity_plus/ios"
  device_info_plus:
    :path: ".symlinks/plugins/device_info_plus/ios"
  firebase_core:
    :path: ".symlinks/plugins/firebase_core/ios"
  firebase_messaging:
    :path: ".symlinks/plugins/firebase_messaging/ios"
  Flutter:
    :path: Flutter
  flutter_keyboard_visibility:
    :path: ".symlinks/plugins/flutter_keyboard_visibility/ios"
  flutter_local_notifications:
    :path: ".symlinks/plugins/flutter_local_notifications/ios"
  flutter_native_splash:
    :path: ".symlinks/plugins/flutter_native_splash/ios"
  flutter_timezone:
    :path: ".symlinks/plugins/flutter_timezone/ios"
  flutter_tts:
    :path: ".symlinks/plugins/flutter_tts/ios"
  google_mobile_ads:
    :path: ".symlinks/plugins/google_mobile_ads/ios"
  just_audio:
    :path: ".symlinks/plugins/just_audio/ios"
  package_info_plus:
    :path: ".symlinks/plugins/package_info_plus/ios"
  path_provider_foundation:
    :path: ".symlinks/plugins/path_provider_foundation/darwin"
  permission_handler_apple:
    :path: ".symlinks/plugins/permission_handler_apple/ios"
  sentry_flutter:
    :path: ".symlinks/plugins/sentry_flutter/ios"
  share_plus:
    :path: ".symlinks/plugins/share_plus/ios"
  shared_preferences_foundation:
    :path: ".symlinks/plugins/shared_preferences_foundation/darwin"
  speech_to_text:
    :path: ".symlinks/plugins/speech_to_text/ios"
  sqflite_darwin:
    :path: ".symlinks/plugins/sqflite_darwin/darwin"
  url_launcher_ios:
    :path: ".symlinks/plugins/url_launcher_ios/ios"
  video_player_avfoundation:
    :path: ".symlinks/plugins/video_player_avfoundation/darwin"
  wakelock_plus:
    :path: ".symlinks/plugins/wakelock_plus/ios"
  webview_flutter_wkwebview:
    :path: ".symlinks/plugins/webview_flutter_wkwebview/darwin"
  workmanager:
    :path: ".symlinks/plugins/workmanager/ios"

SPEC CHECKSUMS:
  Adapty: adb16d30139d66297c70190f22b3e9a169e5130f
  adapty_flutter: 2ac61a29d3913b7b3bb8186d3a854172afd6857c
  audio_session: f08db0697111ac84ba46191b55488c0563bb29c6
  awesome_notifications: ad14ba38749441a7d193d08875fa18b4484917ae
  connectivity_plus: 481668c94744c30c53b8895afb39159d1e619bdf
  device_info_plus: d668d0dcad87727e865495c472b911b15d7ee26a
  Firebase: 0312a2352584f782ea56f66d91606891d4607f06
  firebase_core: 3b49a055ff54114cae400581c13671fe53936c36
  firebase_messaging: 394589dcda43e42ec9807558a409a975e285c45b
  FirebaseCore: 7ec4d0484817f12c3373955bc87762d96842d483
  FirebaseCoreInternal: df84dd300b561c27d5571684f389bf60b0a5c934
  FirebaseInstallations: 913cf60d0400ebd5d6b63a28b290372ab44590dd
  FirebaseMessaging: 88950ba9485052891ebe26f6c43a52bb62248952
  Flutter: e0871f40cf51350855a761d2e70bf5af5b9b5de7
  flutter_keyboard_visibility: 4625131e43015dbbe759d9b20daaf77e0e3f6619
  flutter_local_notifications: ad39620c743ea4c15127860f4b5641649a988100
  flutter_native_splash: 6cad9122ea0fad137d23137dd14b937f3e90b145
  flutter_timezone: ee50ce7786b5fde27e2fe5375bbc8c9661ffc13f
  flutter_tts: b88dbc8655d3dc961bc4a796e4e16a4cc1795833
  Google-Mobile-Ads-SDK: 58b4fda3f9758fc1ed210aa5cf7777b5eb55d47e
  google_mobile_ads: c49bca7ce6656c411965e56b4e24893466fef840
  GoogleAppMeasurement: f9de05ee17401e3355f68e8fc8b5064d429f5918
  GoogleDataTransport: 6c09b596d841063d76d4288cc2d2f42cc36e1e2a
  GoogleUserMessagingPlatform: a8b56893477f67212fbc8411c139e61d463349f5
  GoogleUtilities: ea963c370a38a8069cc5f7ba4ca849a60b6d7d15
  IosAwnCore: b8601fbb37f7b3560f31b84ebf55a72f65812e05
  just_audio: 6c031bb61297cf218b4462be616638e81c058e97
  nanopb: 438bc412db1928dac798aa6fd75726007be04262
  package_info_plus: af8e2ca6888548050f16fa2f1938db7b5a5df499
  path_provider_foundation: 080d55be775b7414fd5a5ef3ac137b97b097e564
  permission_handler_apple: 4ed2196e43d0651e8ff7ca3483a069d469701f2d
  PromisesObjC: f5707f49cb48b9636751c5b2e7d227e43fba9f47
  ReachabilitySwift: 32793e867593cfc1177f5d16491e3a197d2fccda
  Sentry: cd86fc55628f5b7c572cabe66cc8f95a9d2f165a
  sentry_flutter: 99aff87df84da27d0c73bc58b8f9399ef73811bc
  share_plus: 4dfe6f47fc3248e89b3eea0be59a95d0433ebe1a
  shared_preferences_foundation: 9e1978ff2562383bd5676f64ec4e9aa8fa06a6f7
  speech_to_text: ae2abc312e619ff1c53e675a9fc4d785a15c03bb
  sqflite_darwin: 20b2a3a3b70e43edae938624ce550a3cbf66a3d0
  Try: 5ef669ae832617b3cee58cb2c6f99fb767a4ff96
  url_launcher_ios: 694010445543906933d732453a59da0a173ae33d
  video_player_avfoundation: 2cef49524dd1f16c5300b9cd6efd9611ce03639b
  wakelock_plus: 04623e3f525556020ebd4034310f20fe7fda8b49
  webview_flutter_wkwebview: 44d4dee7d7056d5ad185d25b38404436d56c547c
  workmanager: 01be2de7f184bd15de93a1812936a2b7f42ef07e

PODFILE CHECKSUM: b1e13c39bf84fd211c66a7e2e8c0197cfbbd152c

COCOAPODS: 1.16.2
